
Microsoft Visual Studio Solution File, Format Version 12.00
# Visual Studio 2013
VisualStudioVersion = 12.0.30723.0
MinimumVisualStudioVersion = 10.0.40219.1
Project("{FAE04EC0-301F-11D3-BF4B-00C04F79EFBC}") = "PopupMsgBox", "PopupMsgBox\PopupMsgBox.csproj", "{C3E52D08-94C4-44A7-A298-C59937FD4E0C}"
EndProject
Project("{FAE04EC0-301F-11D3-BF4B-00C04F79EFBC}") = "PrintMessage", "PrintMessage\PrintMessage.csproj", "{73B1E822-5BB5-4B57-A08E-703B527F1B95}"
EndProject
Global
	GlobalSection(SolutionConfigurationPlatforms) = preSolution
		Debug|Any CPU = Debug|Any CPU
		Release|Any CPU = Release|Any CPU
	EndGlobalSection
	GlobalSection(ProjectConfigurationPlatforms) = postSolution
		{C3E52D08-94C4-44A7-A298-C59937FD4E0C}.Debug|Any CPU.ActiveCfg = Debug|Any CPU
		{C3E52D08-94C4-44A7-A298-C59937FD4E0C}.Debug|Any CPU.Build.0 = Debug|Any CPU
		{C3E52D08-94C4-44A7-A298-C59937FD4E0C}.Release|Any CPU.ActiveCfg = Release|Any CPU
		{C3E52D08-94C4-44A7-A298-C59937FD4E0C}.Release|Any CPU.Build.0 = Release|Any CPU
		{73B1E822-5BB5-4B57-A08E-703B527F1B95}.Debug|Any CPU.ActiveCfg = Debug|Any CPU
		{73B1E822-5BB5-4B57-A08E-703B527F1B95}.Debug|Any CPU.Build.0 = Debug|Any CPU
		{73B1E822-5BB5-4B57-A08E-703B527F1B95}.Release|Any CPU.ActiveCfg = Release|Any CPU
		{73B1E822-5BB5-4B57-A08E-703B527F1B95}.Release|Any CPU.Build.0 = Release|Any CPU
	EndGlobalSection
	GlobalSection(SolutionProperties) = preSolution
		HideSolutionNode = FALSE
	EndGlobalSection
EndGlobal
